
Microsoft Visual Studio Solution File, Format Version 12.00
# Visual Studio 14
VisualStudioVersion = 14.0.23107.0
MinimumVisualStudioVersion = 10.0.40219.1
Project("{FAE04EC0-301F-11D3-BF4B-00C04F79EFBC}") = "GenerateurCarte", "GenerateurCarte\GenerateurCarte.csproj", "{E888A663-EAB5-406A-A36C-50E8F93EB16B}"
	ProjectSection(ProjectDependencies) = postProject
		{29E0068B-569A-458C-ABF1-80A4B91817D4} = {29E0068B-569A-458C-ABF1-80A4B91817D4}
	EndProjectSection
EndProject
Project("{FAE04EC0-301F-11D3-BF4B-00C04F79EFBC}") = "X-wing", "..\X-wing\X-wing.csproj", "{29E0068B-569A-458C-ABF1-80A4B91817D4}"
EndProject
Global
	GlobalSection(SolutionConfigurationPlatforms) = preSolution
		Debug|Any CPU = Debug|Any CPU
		Release|Any CPU = Release|Any CPU
	EndGlobalSection
	GlobalSection(ProjectConfigurationPlatforms) = postSolution
		{E888A663-EAB5-406A-A36C-50E8F93EB16B}.Debug|Any CPU.ActiveCfg = Debug|Any CPU
		{E888A663-EAB5-406A-A36C-50E8F93EB16B}.Debug|Any CPU.Build.0 = Debug|Any CPU
		{E888A663-EAB5-406A-A36C-50E8F93EB16B}.Release|Any CPU.ActiveCfg = Release|Any CPU
		{E888A663-EAB5-406A-A36C-50E8F93EB16B}.Release|Any CPU.Build.0 = Release|Any CPU
		{29E0068B-569A-458C-ABF1-80A4B91817D4}.Debug|Any CPU.ActiveCfg = Debug|Any CPU
		{29E0068B-569A-458C-ABF1-80A4B91817D4}.Debug|Any CPU.Build.0 = Debug|Any CPU
		{29E0068B-569A-458C-ABF1-80A4B91817D4}.Release|Any CPU.ActiveCfg = Release|Any CPU
		{29E0068B-569A-458C-ABF1-80A4B91817D4}.Release|Any CPU.Build.0 = Release|Any CPU
	EndGlobalSection
	GlobalSection(SolutionProperties) = preSolution
		HideSolutionNode = FALSE
	EndGlobalSection
EndGlobal
